
Microsoft Visual Studio Solution File, Format Version 12.00
# Visual Studio Version 17
VisualStudioVersion = 17.6.33717.318
MinimumVisualStudioVersion = 10.0.40219.1
Project("{FAE04EC0-301F-11D3-BF4B-00C04F79EFBC}") = "C#_Calculator", "C#_Calculator.csproj", "{FF551B7B-546E-4521-947A-1815BF889D99}"
EndProject
Global
	GlobalSection(SolutionConfigurationPlatforms) = preSolution
		Debug|Any CPU = Debug|Any CPU
		Release|Any CPU = Release|Any CPU
	EndGlobalSection
	GlobalSection(ProjectConfigurationPlatforms) = postSolution
		{FF551B7B-546E-4521-947A-1815BF889D99}.Debug|Any CPU.ActiveCfg = Debug|Any CPU
		{FF551B7B-546E-4521-947A-1815BF889D99}.Debug|Any CPU.Build.0 = Debug|Any CPU
		{FF551B7B-546E-4521-947A-1815BF889D99}.Release|Any CPU.ActiveCfg = Release|Any CPU
		{FF551B7B-546E-4521-947A-1815BF889D99}.Release|Any CPU.Build.0 = Release|Any CPU
	EndGlobalSection
	GlobalSection(SolutionProperties) = preSolution
		HideSolutionNode = FALSE
	EndGlobalSection
	GlobalSection(ExtensibilityGlobals) = postSolution
		SolutionGuid = {75DC3E4D-96B1-4DEF-AA34-D08D22C79B0D}
	EndGlobalSection
EndGlobal
